
Microsoft Visual Studio Solution File, Format Version 12.00
# Visual Studio 15
VisualStudioVersion = 15.0.28307.168
MinimumVisualStudioVersion = 10.0.40219.1
Project("{FAE04EC0-301F-11D3-BF4B-00C04F79EFBC}") = "Hotfix_U3D", "Hotfix_U3D\Hotfix_U3D.csproj", "{910727B5-04D1-4545-B9A5-996DEF44358D}"
EndProject
Global
	GlobalSection(SolutionConfigurationPlatforms) = preSolution
		Debug|Any CPU = Debug|Any CPU
		Release|Any CPU = Release|Any CPU
	EndGlobalSection
	GlobalSection(ProjectConfigurationPlatforms) = postSolution
		{910727B5-04D1-4545-B9A5-996DEF44358D}.Debug|Any CPU.ActiveCfg = Debug|Any CPU
		{910727B5-04D1-4545-B9A5-996DEF44358D}.Debug|Any CPU.Build.0 = Debug|Any CPU
		{910727B5-04D1-4545-B9A5-996DEF44358D}.Release|Any CPU.ActiveCfg = Release|Any CPU
		{910727B5-04D1-4545-B9A5-996DEF44358D}.Release|Any CPU.Build.0 = Release|Any CPU
	EndGlobalSection
	GlobalSection(SolutionProperties) = preSolution
		HideSolutionNode = FALSE
	EndGlobalSection
	GlobalSection(ExtensibilityGlobals) = postSolution
		SolutionGuid = {FB04DC2D-CA2E-4AE8-A279-AB977BD3F397}
	EndGlobalSection
EndGlobal
