
Microsoft Visual Studio Solution File, Format Version 12.00
# Visual Studio 15
Project("{FAE04EC0-301F-11D3-BF4B-00C04F79EFBC}") = "U3D", "Assembly-CSharp.csproj", "{7C8DB6A5-5E2F-F31D-86E5-008EBC5A2575}"
EndProject
Project("{FAE04EC0-301F-11D3-BF4B-00C04F79EFBC}") = "U3D", "Assembly-CSharp-Editor.csproj", "{E4F029B6-0D64-02D8-81D9-D4BB071DF33B}"
EndProject
Global
	GlobalSection(SolutionConfigurationPlatforms) = preSolution
		Debug|Any CPU = Debug|Any CPU
		Release|Any CPU = Release|Any CPU
	EndGlobalSection
	GlobalSection(ProjectConfigurationPlatforms) = postSolution
		{7C8DB6A5-5E2F-F31D-86E5-008EBC5A2575}.Debug|Any CPU.ActiveCfg = Debug|Any CPU
		{7C8DB6A5-5E2F-F31D-86E5-008EBC5A2575}.Debug|Any CPU.Build.0 = Debug|Any CPU
		{7C8DB6A5-5E2F-F31D-86E5-008EBC5A2575}.Release|Any CPU.ActiveCfg = Release|Any CPU
		{7C8DB6A5-5E2F-F31D-86E5-008EBC5A2575}.Release|Any CPU.Build.0 = Release|Any CPU
		{E4F029B6-0D64-02D8-81D9-D4BB071DF33B}.Debug|Any CPU.ActiveCfg = Debug|Any CPU
		{E4F029B6-0D64-02D8-81D9-D4BB071DF33B}.Debug|Any CPU.Build.0 = Debug|Any CPU
		{E4F029B6-0D64-02D8-81D9-D4BB071DF33B}.Release|Any CPU.ActiveCfg = Release|Any CPU
		{E4F029B6-0D64-02D8-81D9-D4BB071DF33B}.Release|Any CPU.Build.0 = Release|Any CPU
	EndGlobalSection
	GlobalSection(SolutionProperties) = preSolution
		HideSolutionNode = FALSE
	EndGlobalSection
EndGlobal
